
Microsoft Visual Studio Solution File, Format Version 12.00
# Visual Studio Version 16
VisualStudioVersion = 16.0.29324.140
MinimumVisualStudioVersion = 10.0.40219.1
Project("{FAE04EC0-301F-11D3-BF4B-00C04F79EFBC}") = "ProgressBar", "ProgressBar\ProgressBar.csproj", "{C01CA985-A466-4651-8B31-9BA66767964A}"
EndProject
Global
	GlobalSection(SolutionConfigurationPlatforms) = preSolution
		Debug|Any CPU = Debug|Any CPU
		Release|Any CPU = Release|Any CPU
	EndGlobalSection
	GlobalSection(ProjectConfigurationPlatforms) = postSolution
		{C01CA985-A466-4651-8B31-9BA66767964A}.Debug|Any CPU.ActiveCfg = Debug|Any CPU
		{C01CA985-A466-4651-8B31-9BA66767964A}.Debug|Any CPU.Build.0 = Debug|Any CPU
		{C01CA985-A466-4651-8B31-9BA66767964A}.Release|Any CPU.ActiveCfg = Release|Any CPU
		{C01CA985-A466-4651-8B31-9BA66767964A}.Release|Any CPU.Build.0 = Release|Any CPU
	EndGlobalSection
	GlobalSection(SolutionProperties) = preSolution
		HideSolutionNode = FALSE
	EndGlobalSection
	GlobalSection(ExtensibilityGlobals) = postSolution
		SolutionGuid = {C8C30080-F93C-406C-A342-4A46F234E7BA}
	EndGlobalSection
EndGlobal
